
Microsoft Visual Studio Solution File, Format Version 12.00
# Visual Studio Version 16
VisualStudioVersion = 16.0.28803.352
MinimumVisualStudioVersion = 10.0.40219.1
Project("{FAE04EC0-301F-11D3-BF4B-00C04F79EFBC}") = "NSun.Data", "NSun.Data\NSun.Data.csproj", "{98C4732D-807E-474D-B8F9-C1163CF0A407}"
EndProject
Project("{2150E333-8FDC-42A3-9474-1A3956D46DE8}") = "1.Core", "1.Core", "{C18C38AA-51B4-45DF-8CB8-3E945BF0CE7F}"
EndProject
Project("{2150E333-8FDC-42A3-9474-1A3956D46DE8}") = "2.Test", "2.Test", "{3A87F70C-4B67-433F-803D-48D34FE54283}"
EndProject
Project("{FAE04EC0-301F-11D3-BF4B-00C04F79EFBC}") = "NSun.Data.Test", "NSun.Data.Test\NSun.Data.Test.csproj", "{5BEEE674-64DE-429B-9F47-317110961FB4}"
EndProject
Project("{2150E333-8FDC-42A3-9474-1A3956D46DE8}") = "Solution Items", "Solution Items", "{7F37B318-67C3-45ED-9DA1-0B9AA8E4D330}"
	ProjectSection(SolutionItems) = preProject
		Local.testsettings = Local.testsettings
		NSun_Shadow_V2.vsmdi = NSun_Shadow_V2.vsmdi
		TraceAndTestImpact.testsettings = TraceAndTestImpact.testsettings
	EndProjectSection
EndProject
Project("{FAE04EC0-301F-11D3-BF4B-00C04F79EFBC}") = "ConsoleApplication1", "ConsoleApplication1\ConsoleApplication1.csproj", "{3344663F-915C-4EFB-8131-24473984F0EC}"
EndProject
Project("{FAE04EC0-301F-11D3-BF4B-00C04F79EFBC}") = "ELTest", "ELTest\ELTest.csproj", "{19085032-1C99-485A-A5DD-7E2EC66BE52A}"
EndProject
Project("{2150E333-8FDC-42A3-9474-1A3956D46DE8}") = "3.Generate", "3.Generate", "{61DAD505-70FD-42D4-867E-ACDF51D0D83C}"
EndProject
Project("{FAE04EC0-301F-11D3-BF4B-00C04F79EFBC}") = "GeneratorV2", "GeneratorV2\GeneratorV2.csproj", "{F54954D6-B948-4D24-A7D7-906264227D22}"
EndProject
Project("{2150E333-8FDC-42A3-9474-1A3956D46DE8}") = "4.Remoting", "4.Remoting", "{C7D66A92-3951-4567-92CB-BD4EDB2AD9BE}"
EndProject
Project("{FAE04EC0-301F-11D3-BF4B-00C04F79EFBC}") = "RemotingModel", "RemotingModel\RemotingModel.csproj", "{C0835C7B-8C7A-46D2-B532-D6DD8EC6EA08}"
EndProject
Project("{FAE04EC0-301F-11D3-BF4B-00C04F79EFBC}") = "RemotingSerivce", "RemotingSerivce\RemotingSerivce.csproj", "{94A92534-BFC0-4B09-9E0E-4C2A17E8C75F}"
EndProject
Project("{FAE04EC0-301F-11D3-BF4B-00C04F79EFBC}") = "IServiceSchool", "IServiceSchool\IServiceSchool.csproj", "{600DFB8A-A244-4B5C-ABEF-F14240A79E2C}"
EndProject
Project("{FAE04EC0-301F-11D3-BF4B-00C04F79EFBC}") = "ServiceShool", "ServiceShool\ServiceShool.csproj", "{CC34FAA9-90DE-45A7-A260-5B3916F4EEFE}"
EndProject
Project("{FAE04EC0-301F-11D3-BF4B-00C04F79EFBC}") = "RemotingClient", "RemotingClient\RemotingClient.csproj", "{9BD41476-81B4-405D-BFC7-7A74A3EE48F2}"
EndProject
Project("{2150E333-8FDC-42A3-9474-1A3956D46DE8}") = "5.WCF", "5.WCF", "{53DADABC-2E3A-43D5-834D-A6CA600227DC}"
EndProject
Project("{FAE04EC0-301F-11D3-BF4B-00C04F79EFBC}") = "WCFService", "WCFService\WCFService.csproj", "{A8E97429-D847-42D3-A6B9-E337E082A6BC}"
EndProject
Project("{FAE04EC0-301F-11D3-BF4B-00C04F79EFBC}") = "IStudentService", "IWCFService\IStudentService.csproj", "{AFFB1B13-3873-477E-8D44-E8E30CAAFEC9}"
EndProject
Project("{FAE04EC0-301F-11D3-BF4B-00C04F79EFBC}") = "StudentService", "StudentService\StudentService.csproj", "{CF0A6FC9-1277-47CF-BED2-06169A77E453}"
EndProject
Project("{FAE04EC0-301F-11D3-BF4B-00C04F79EFBC}") = "WCFClient", "WCFClient\WCFClient.csproj", "{90F18008-6F89-4461-A05E-27E5EFDDEBD1}"
EndProject
Project("{FAE04EC0-301F-11D3-BF4B-00C04F79EFBC}") = "Castle_Test", "Castle_Test\Castle_Test.csproj", "{D8448669-7196-4189-B8CF-4F482E6B261F}"
EndProject
Project("{FAE04EC0-301F-11D3-BF4B-00C04F79EFBC}") = "SQL_Management", "SQL_Management\SQL_Management.csproj", "{C8F15B86-B338-49EC-9456-3AD48F3F2C92}"
EndProject
Project("{2150E333-8FDC-42A3-9474-1A3956D46DE8}") = "AvalonDock", "AvalonDock", "{F2DD13B5-4956-453E-A8FB-7C439F4FCE3D}"
EndProject
Project("{FAE04EC0-301F-11D3-BF4B-00C04F79EFBC}") = "AvalonDock", "AvalonDock\AvalonDock\AvalonDock.csproj", "{DB81988F-E0F2-45A0-A1FD-8C37F3D35244}"
EndProject
Project("{FAE04EC0-301F-11D3-BF4B-00C04F79EFBC}") = "AvalonDock.Themes.Aero", "AvalonDock\AvalonDock.Themes.Aero\AvalonDock.Themes.Aero.csproj", "{BA72CCE0-A9FB-4995-B496-7FEC5C87B85B}"
EndProject
Project("{FAE04EC0-301F-11D3-BF4B-00C04F79EFBC}") = "AvalonDock.Themes.VS2010", "AvalonDock\AvalonDock.Theme.VS2010\AvalonDock.Themes.VS2010.csproj", "{B3FC3E21-5F2D-4581-AEA2-59F671CFFC21}"
EndProject
Project("{FAE04EC0-301F-11D3-BF4B-00C04F79EFBC}") = "Simple", "Simple\Simple.csproj", "{9C15ED4E-13A4-4E3C-B5F1-B20FDF347859}"
EndProject
Project("{FAE04EC0-301F-11D3-BF4B-00C04F79EFBC}") = "NSunLiteTest", "NSunLiteTest\NSunLiteTest.csproj", "{1B7355D1-D377-41C4-B43A-65F5920E07BC}"
EndProject
Project("{FAE04EC0-301F-11D3-BF4B-00C04F79EFBC}") = "MySql8", "MySql8\MySql8.csproj", "{FD407E00-19E9-47B7-834C-70DD4F5F6A04}"
EndProject
Global
	GlobalSection(SolutionConfigurationPlatforms) = preSolution
		Debug|Any CPU = Debug|Any CPU
		Debug|Mixed Platforms = Debug|Mixed Platforms
		Debug|x86 = Debug|x86
		Release|Any CPU = Release|Any CPU
		Release|Mixed Platforms = Release|Mixed Platforms
		Release|x86 = Release|x86
	EndGlobalSection
	GlobalSection(ProjectConfigurationPlatforms) = postSolution
		{98C4732D-807E-474D-B8F9-C1163CF0A407}.Debug|Any CPU.ActiveCfg = Debug|Any CPU
		{98C4732D-807E-474D-B8F9-C1163CF0A407}.Debug|Any CPU.Build.0 = Debug|Any CPU
		{98C4732D-807E-474D-B8F9-C1163CF0A407}.Debug|Mixed Platforms.ActiveCfg = Debug|Any CPU
		{98C4732D-807E-474D-B8F9-C1163CF0A407}.Debug|Mixed Platforms.Build.0 = Debug|Any CPU
		{98C4732D-807E-474D-B8F9-C1163CF0A407}.Debug|x86.ActiveCfg = Debug|Any CPU
		{98C4732D-807E-474D-B8F9-C1163CF0A407}.Release|Any CPU.ActiveCfg = Release|Any CPU
		{98C4732D-807E-474D-B8F9-C1163CF0A407}.Release|Any CPU.Build.0 = Release|Any CPU
		{98C4732D-807E-474D-B8F9-C1163CF0A407}.Release|Mixed Platforms.ActiveCfg = Release|Any CPU
		{98C4732D-807E-474D-B8F9-C1163CF0A407}.Release|Mixed Platforms.Build.0 = Release|Any CPU
		{98C4732D-807E-474D-B8F9-C1163CF0A407}.Release|x86.ActiveCfg = Release|Any CPU
		{5BEEE674-64DE-429B-9F47-317110961FB4}.Debug|Any CPU.ActiveCfg = Debug|Any CPU
		{5BEEE674-64DE-429B-9F47-317110961FB4}.Debug|Any CPU.Build.0 = Debug|Any CPU
		{5BEEE674-64DE-429B-9F47-317110961FB4}.Debug|Mixed Platforms.ActiveCfg = Debug|Any CPU
		{5BEEE674-64DE-429B-9F47-317110961FB4}.Debug|Mixed Platforms.Build.0 = Debug|Any CPU
		{5BEEE674-64DE-429B-9F47-317110961FB4}.Debug|x86.ActiveCfg = Debug|Any CPU
		{5BEEE674-64DE-429B-9F47-317110961FB4}.Release|Any CPU.ActiveCfg = Release|Any CPU
		{5BEEE674-64DE-429B-9F47-317110961FB4}.Release|Any CPU.Build.0 = Release|Any CPU
		{5BEEE674-64DE-429B-9F47-317110961FB4}.Release|Mixed Platforms.ActiveCfg = Release|Any CPU
		{5BEEE674-64DE-429B-9F47-317110961FB4}.Release|Mixed Platforms.Build.0 = Release|Any CPU
		{5BEEE674-64DE-429B-9F47-317110961FB4}.Release|x86.ActiveCfg = Release|Any CPU
		{3344663F-915C-4EFB-8131-24473984F0EC}.Debug|Any CPU.ActiveCfg = Debug|x86
		{3344663F-915C-4EFB-8131-24473984F0EC}.Debug|Mixed Platforms.ActiveCfg = Debug|x86
		{3344663F-915C-4EFB-8131-24473984F0EC}.Debug|Mixed Platforms.Build.0 = Debug|x86
		{3344663F-915C-4EFB-8131-24473984F0EC}.Debug|x86.ActiveCfg = Debug|x86
		{3344663F-915C-4EFB-8131-24473984F0EC}.Debug|x86.Build.0 = Debug|x86
		{3344663F-915C-4EFB-8131-24473984F0EC}.Release|Any CPU.ActiveCfg = Release|x86
		{3344663F-915C-4EFB-8131-24473984F0EC}.Release|Mixed Platforms.ActiveCfg = Release|x86
		{3344663F-915C-4EFB-8131-24473984F0EC}.Release|Mixed Platforms.Build.0 = Release|x86
		{3344663F-915C-4EFB-8131-24473984F0EC}.Release|x86.ActiveCfg = Release|x86
		{3344663F-915C-4EFB-8131-24473984F0EC}.Release|x86.Build.0 = Release|x86
		{19085032-1C99-485A-A5DD-7E2EC66BE52A}.Debug|Any CPU.ActiveCfg = Debug|x86
		{19085032-1C99-485A-A5DD-7E2EC66BE52A}.Debug|Mixed Platforms.ActiveCfg = Debug|x86
		{19085032-1C99-485A-A5DD-7E2EC66BE52A}.Debug|Mixed Platforms.Build.0 = Debug|x86
		{19085032-1C99-485A-A5DD-7E2EC66BE52A}.Debug|x86.ActiveCfg = Debug|x86
		{19085032-1C99-485A-A5DD-7E2EC66BE52A}.Debug|x86.Build.0 = Debug|x86
		{19085032-1C99-485A-A5DD-7E2EC66BE52A}.Release|Any CPU.ActiveCfg = Release|x86
		{19085032-1C99-485A-A5DD-7E2EC66BE52A}.Release|Mixed Platforms.ActiveCfg = Release|x86
		{19085032-1C99-485A-A5DD-7E2EC66BE52A}.Release|Mixed Platforms.Build.0 = Release|x86
		{19085032-1C99-485A-A5DD-7E2EC66BE52A}.Release|x86.ActiveCfg = Release|x86
		{19085032-1C99-485A-A5DD-7E2EC66BE52A}.Release|x86.Build.0 = Release|x86
		{F54954D6-B948-4D24-A7D7-906264227D22}.Debug|Any CPU.ActiveCfg = Debug|x86
		{F54954D6-B948-4D24-A7D7-906264227D22}.Debug|Mixed Platforms.ActiveCfg = Debug|x86
		{F54954D6-B948-4D24-A7D7-906264227D22}.Debug|Mixed Platforms.Build.0 = Debug|x86
		{F54954D6-B948-4D24-A7D7-906264227D22}.Debug|x86.ActiveCfg = Debug|x86
		{F54954D6-B948-4D24-A7D7-906264227D22}.Debug|x86.Build.0 = Debug|x86
		{F54954D6-B948-4D24-A7D7-906264227D22}.Release|Any CPU.ActiveCfg = Release|x86
		{F54954D6-B948-4D24-A7D7-906264227D22}.Release|Mixed Platforms.ActiveCfg = Release|x86
		{F54954D6-B948-4D24-A7D7-906264227D22}.Release|Mixed Platforms.Build.0 = Release|x86
		{F54954D6-B948-4D24-A7D7-906264227D22}.Release|x86.ActiveCfg = Release|x86
		{F54954D6-B948-4D24-A7D7-906264227D22}.Release|x86.Build.0 = Release|x86
		{C0835C7B-8C7A-46D2-B532-D6DD8EC6EA08}.Debug|Any CPU.ActiveCfg = Debug|Any CPU
		{C0835C7B-8C7A-46D2-B532-D6DD8EC6EA08}.Debug|Any CPU.Build.0 = Debug|Any CPU
		{C0835C7B-8C7A-46D2-B532-D6DD8EC6EA08}.Debug|Mixed Platforms.ActiveCfg = Debug|Any CPU
		{C0835C7B-8C7A-46D2-B532-D6DD8EC6EA08}.Debug|Mixed Platforms.Build.0 = Debug|Any CPU
		{C0835C7B-8C7A-46D2-B532-D6DD8EC6EA08}.Debug|x86.ActiveCfg = Debug|Any CPU
		{C0835C7B-8C7A-46D2-B532-D6DD8EC6EA08}.Release|Any CPU.ActiveCfg = Release|Any CPU
		{C0835C7B-8C7A-46D2-B532-D6DD8EC6EA08}.Release|Any CPU.Build.0 = Release|Any CPU
		{C0835C7B-8C7A-46D2-B532-D6DD8EC6EA08}.Release|Mixed Platforms.ActiveCfg = Release|Any CPU
		{C0835C7B-8C7A-46D2-B532-D6DD8EC6EA08}.Release|Mixed Platforms.Build.0 = Release|Any CPU
		{C0835C7B-8C7A-46D2-B532-D6DD8EC6EA08}.Release|x86.ActiveCfg = Release|Any CPU
		{94A92534-BFC0-4B09-9E0E-4C2A17E8C75F}.Debug|Any CPU.ActiveCfg = Debug|x86
		{94A92534-BFC0-4B09-9E0E-4C2A17E8C75F}.Debug|Mixed Platforms.ActiveCfg = Debug|x86
		{94A92534-BFC0-4B09-9E0E-4C2A17E8C75F}.Debug|Mixed Platforms.Build.0 = Debug|x86
		{94A92534-BFC0-4B09-9E0E-4C2A17E8C75F}.Debug|x86.ActiveCfg = Debug|x86
		{94A92534-BFC0-4B09-9E0E-4C2A17E8C75F}.Debug|x86.Build.0 = Debug|x86
		{94A92534-BFC0-4B09-9E0E-4C2A17E8C75F}.Release|Any CPU.ActiveCfg = Release|x86
		{94A92534-BFC0-4B09-9E0E-4C2A17E8C75F}.Release|Mixed Platforms.ActiveCfg = Release|x86
		{94A92534-BFC0-4B09-9E0E-4C2A17E8C75F}.Release|Mixed Platforms.Build.0 = Release|x86
		{94A92534-BFC0-4B09-9E0E-4C2A17E8C75F}.Release|x86.ActiveCfg = Release|x86
		{94A92534-BFC0-4B09-9E0E-4C2A17E8C75F}.Release|x86.Build.0 = Release|x86
		{600DFB8A-A244-4B5C-ABEF-F14240A79E2C}.Debug|Any CPU.ActiveCfg = Debug|Any CPU
		{600DFB8A-A244-4B5C-ABEF-F14240A79E2C}.Debug|Any CPU.Build.0 = Debug|Any CPU
		{600DFB8A-A244-4B5C-ABEF-F14240A79E2C}.Debug|Mixed Platforms.ActiveCfg = Debug|Any CPU
		{600DFB8A-A244-4B5C-ABEF-F14240A79E2C}.Debug|Mixed Platforms.Build.0 = Debug|Any CPU
		{600DFB8A-A244-4B5C-ABEF-F14240A79E2C}.Debug|x86.ActiveCfg = Debug|Any CPU
		{600DFB8A-A244-4B5C-ABEF-F14240A79E2C}.Release|Any CPU.ActiveCfg = Release|Any CPU
		{600DFB8A-A244-4B5C-ABEF-F14240A79E2C}.Release|Any CPU.Build.0 = Release|Any CPU
		{600DFB8A-A244-4B5C-ABEF-F14240A79E2C}.Release|Mixed Platforms.ActiveCfg = Release|Any CPU
		{600DFB8A-A244-4B5C-ABEF-F14240A79E2C}.Release|Mixed Platforms.Build.0 = Release|Any CPU
		{600DFB8A-A244-4B5C-ABEF-F14240A79E2C}.Release|x86.ActiveCfg = Release|Any CPU
		{CC34FAA9-90DE-45A7-A260-5B3916F4EEFE}.Debug|Any CPU.ActiveCfg = Debug|Any CPU
		{CC34FAA9-90DE-45A7-A260-5B3916F4EEFE}.Debug|Any CPU.Build.0 = Debug|Any CPU
		{CC34FAA9-90DE-45A7-A260-5B3916F4EEFE}.Debug|Mixed Platforms.ActiveCfg = Debug|Any CPU
		{CC34FAA9-90DE-45A7-A260-5B3916F4EEFE}.Debug|Mixed Platforms.Build.0 = Debug|Any CPU
		{CC34FAA9-90DE-45A7-A260-5B3916F4EEFE}.Debug|x86.ActiveCfg = Debug|Any CPU
		{CC34FAA9-90DE-45A7-A260-5B3916F4EEFE}.Release|Any CPU.ActiveCfg = Release|Any CPU
		{CC34FAA9-90DE-45A7-A260-5B3916F4EEFE}.Release|Any CPU.Build.0 = Release|Any CPU
		{CC34FAA9-90DE-45A7-A260-5B3916F4EEFE}.Release|Mixed Platforms.ActiveCfg = Release|Any CPU
		{CC34FAA9-90DE-45A7-A260-5B3916F4EEFE}.Release|Mixed Platforms.Build.0 = Release|Any CPU
		{CC34FAA9-90DE-45A7-A260-5B3916F4EEFE}.Release|x86.ActiveCfg = Release|Any CPU
		{9BD41476-81B4-405D-BFC7-7A74A3EE48F2}.Debug|Any CPU.ActiveCfg = Debug|x86
		{9BD41476-81B4-405D-BFC7-7A74A3EE48F2}.Debug|Mixed Platforms.ActiveCfg = Debug|x86
		{9BD41476-81B4-405D-BFC7-7A74A3EE48F2}.Debug|Mixed Platforms.Build.0 = Debug|x86
		{9BD41476-81B4-405D-BFC7-7A74A3EE48F2}.Debug|x86.ActiveCfg = Debug|x86
		{9BD41476-81B4-405D-BFC7-7A74A3EE48F2}.Debug|x86.Build.0 = Debug|x86
		{9BD41476-81B4-405D-BFC7-7A74A3EE48F2}.Release|Any CPU.ActiveCfg = Release|x86
		{9BD41476-81B4-405D-BFC7-7A74A3EE48F2}.Release|Mixed Platforms.ActiveCfg = Release|x86
		{9BD41476-81B4-405D-BFC7-7A74A3EE48F2}.Release|Mixed Platforms.Build.0 = Release|x86
		{9BD41476-81B4-405D-BFC7-7A74A3EE48F2}.Release|x86.ActiveCfg = Release|x86
		{9BD41476-81B4-405D-BFC7-7A74A3EE48F2}.Release|x86.Build.0 = Release|x86
		{A8E97429-D847-42D3-A6B9-E337E082A6BC}.Debug|Any CPU.ActiveCfg = Debug|x86
		{A8E97429-D847-42D3-A6B9-E337E082A6BC}.Debug|Mixed Platforms.ActiveCfg = Debug|x86
		{A8E97429-D847-42D3-A6B9-E337E082A6BC}.Debug|Mixed Platforms.Build.0 = Debug|x86
		{A8E97429-D847-42D3-A6B9-E337E082A6BC}.Debug|x86.ActiveCfg = Debug|x86
		{A8E97429-D847-42D3-A6B9-E337E082A6BC}.Debug|x86.Build.0 = Debug|x86
		{A8E97429-D847-42D3-A6B9-E337E082A6BC}.Release|Any CPU.ActiveCfg = Release|x86
		{A8E97429-D847-42D3-A6B9-E337E082A6BC}.Release|Mixed Platforms.ActiveCfg = Release|x86
		{A8E97429-D847-42D3-A6B9-E337E082A6BC}.Release|Mixed Platforms.Build.0 = Release|x86
		{A8E97429-D847-42D3-A6B9-E337E082A6BC}.Release|x86.ActiveCfg = Release|x86
		{A8E97429-D847-42D3-A6B9-E337E082A6BC}.Release|x86.Build.0 = Release|x86
		{AFFB1B13-3873-477E-8D44-E8E30CAAFEC9}.Debug|Any CPU.ActiveCfg = Debug|Any CPU
		{AFFB1B13-3873-477E-8D44-E8E30CAAFEC9}.Debug|Any CPU.Build.0 = Debug|Any CPU
		{AFFB1B13-3873-477E-8D44-E8E30CAAFEC9}.Debug|Mixed Platforms.ActiveCfg = Debug|Any CPU
		{AFFB1B13-3873-477E-8D44-E8E30CAAFEC9}.Debug|Mixed Platforms.Build.0 = Debug|Any CPU
		{AFFB1B13-3873-477E-8D44-E8E30CAAFEC9}.Debug|x86.ActiveCfg = Debug|Any CPU
		{AFFB1B13-3873-477E-8D44-E8E30CAAFEC9}.Release|Any CPU.ActiveCfg = Release|Any CPU
		{AFFB1B13-3873-477E-8D44-E8E30CAAFEC9}.Release|Any CPU.Build.0 = Release|Any CPU
		{AFFB1B13-3873-477E-8D44-E8E30CAAFEC9}.Release|Mixed Platforms.ActiveCfg = Release|Any CPU
		{AFFB1B13-3873-477E-8D44-E8E30CAAFEC9}.Release|Mixed Platforms.Build.0 = Release|Any CPU
		{AFFB1B13-3873-477E-8D44-E8E30CAAFEC9}.Release|x86.ActiveCfg = Release|Any CPU
		{CF0A6FC9-1277-47CF-BED2-06169A77E453}.Debug|Any CPU.ActiveCfg = Debug|Any CPU
		{CF0A6FC9-1277-47CF-BED2-06169A77E453}.Debug|Any CPU.Build.0 = Debug|Any CPU
		{CF0A6FC9-1277-47CF-BED2-06169A77E453}.Debug|Mixed Platforms.ActiveCfg = Debug|Any CPU
		{CF0A6FC9-1277-47CF-BED2-06169A77E453}.Debug|Mixed Platforms.Build.0 = Debug|Any CPU
		{CF0A6FC9-1277-47CF-BED2-06169A77E453}.Debug|x86.ActiveCfg = Debug|Any CPU
		{CF0A6FC9-1277-47CF-BED2-06169A77E453}.Release|Any CPU.ActiveCfg = Release|Any CPU
		{CF0A6FC9-1277-47CF-BED2-06169A77E453}.Release|Any CPU.Build.0 = Release|Any CPU
		{CF0A6FC9-1277-47CF-BED2-06169A77E453}.Release|Mixed Platforms.ActiveCfg = Release|Any CPU
		{CF0A6FC9-1277-47CF-BED2-06169A77E453}.Release|Mixed Platforms.Build.0 = Release|Any CPU
		{CF0A6FC9-1277-47CF-BED2-06169A77E453}.Release|x86.ActiveCfg = Release|Any CPU
		{90F18008-6F89-4461-A05E-27E5EFDDEBD1}.Debug|Any CPU.ActiveCfg = Debug|x86
		{90F18008-6F89-4461-A05E-27E5EFDDEBD1}.Debug|Mixed Platforms.ActiveCfg = Debug|x86
		{90F18008-6F89-4461-A05E-27E5EFDDEBD1}.Debug|Mixed Platforms.Build.0 = Debug|x86
		{90F18008-6F89-4461-A05E-27E5EFDDEBD1}.Debug|x86.ActiveCfg = Debug|x86
		{90F18008-6F89-4461-A05E-27E5EFDDEBD1}.Debug|x86.Build.0 = Debug|x86
		{90F18008-6F89-4461-A05E-27E5EFDDEBD1}.Release|Any CPU.ActiveCfg = Release|x86
		{90F18008-6F89-4461-A05E-27E5EFDDEBD1}.Release|Mixed Platforms.ActiveCfg = Release|x86
		{90F18008-6F89-4461-A05E-27E5EFDDEBD1}.Release|Mixed Platforms.Build.0 = Release|x86
		{90F18008-6F89-4461-A05E-27E5EFDDEBD1}.Release|x86.ActiveCfg = Release|x86
		{90F18008-6F89-4461-A05E-27E5EFDDEBD1}.Release|x86.Build.0 = Release|x86
		{D8448669-7196-4189-B8CF-4F482E6B261F}.Debug|Any CPU.ActiveCfg = Debug|Any CPU
		{D8448669-7196-4189-B8CF-4F482E6B261F}.Debug|Any CPU.Build.0 = Debug|Any CPU
		{D8448669-7196-4189-B8CF-4F482E6B261F}.Debug|Mixed Platforms.ActiveCfg = Debug|Any CPU
		{D8448669-7196-4189-B8CF-4F482E6B261F}.Debug|Mixed Platforms.Build.0 = Debug|Any CPU
		{D8448669-7196-4189-B8CF-4F482E6B261F}.Debug|x86.ActiveCfg = Debug|x86
		{D8448669-7196-4189-B8CF-4F482E6B261F}.Debug|x86.Build.0 = Debug|x86
		{D8448669-7196-4189-B8CF-4F482E6B261F}.Release|Any CPU.ActiveCfg = Release|Any CPU
		{D8448669-7196-4189-B8CF-4F482E6B261F}.Release|Any CPU.Build.0 = Release|Any CPU
		{D8448669-7196-4189-B8CF-4F482E6B261F}.Release|Mixed Platforms.ActiveCfg = Release|Any CPU
		{D8448669-7196-4189-B8CF-4F482E6B261F}.Release|Mixed Platforms.Build.0 = Release|Any CPU
		{D8448669-7196-4189-B8CF-4F482E6B261F}.Release|x86.ActiveCfg = Release|x86
		{D8448669-7196-4189-B8CF-4F482E6B261F}.Release|x86.Build.0 = Release|x86
		{C8F15B86-B338-49EC-9456-3AD48F3F2C92}.Debug|Any CPU.ActiveCfg = Debug|x86
		{C8F15B86-B338-49EC-9456-3AD48F3F2C92}.Debug|Mixed Platforms.ActiveCfg = Debug|x86
		{C8F15B86-B338-49EC-9456-3AD48F3F2C92}.Debug|Mixed Platforms.Build.0 = Debug|x86
		{C8F15B86-B338-49EC-9456-3AD48F3F2C92}.Debug|x86.ActiveCfg = Debug|x86
		{C8F15B86-B338-49EC-9456-3AD48F3F2C92}.Debug|x86.Build.0 = Debug|x86
		{C8F15B86-B338-49EC-9456-3AD48F3F2C92}.Release|Any CPU.ActiveCfg = Release|x86
		{C8F15B86-B338-49EC-9456-3AD48F3F2C92}.Release|Mixed Platforms.ActiveCfg = Release|x86
		{C8F15B86-B338-49EC-9456-3AD48F3F2C92}.Release|Mixed Platforms.Build.0 = Release|x86
		{C8F15B86-B338-49EC-9456-3AD48F3F2C92}.Release|x86.ActiveCfg = Release|x86
		{C8F15B86-B338-49EC-9456-3AD48F3F2C92}.Release|x86.Build.0 = Release|x86
		{DB81988F-E0F2-45A0-A1FD-8C37F3D35244}.Debug|Any CPU.ActiveCfg = Debug|Any CPU
		{DB81988F-E0F2-45A0-A1FD-8C37F3D35244}.Debug|Any CPU.Build.0 = Debug|Any CPU
		{DB81988F-E0F2-45A0-A1FD-8C37F3D35244}.Debug|Mixed Platforms.ActiveCfg = Debug|Any CPU
		{DB81988F-E0F2-45A0-A1FD-8C37F3D35244}.Debug|Mixed Platforms.Build.0 = Debug|Any CPU
		{DB81988F-E0F2-45A0-A1FD-8C37F3D35244}.Debug|x86.ActiveCfg = Debug|Any CPU
		{DB81988F-E0F2-45A0-A1FD-8C37F3D35244}.Release|Any CPU.ActiveCfg = Release|Any CPU
		{DB81988F-E0F2-45A0-A1FD-8C37F3D35244}.Release|Any CPU.Build.0 = Release|Any CPU
		{DB81988F-E0F2-45A0-A1FD-8C37F3D35244}.Release|Mixed Platforms.ActiveCfg = Release|Any CPU
		{DB81988F-E0F2-45A0-A1FD-8C37F3D35244}.Release|Mixed Platforms.Build.0 = Release|Any CPU
		{DB81988F-E0F2-45A0-A1FD-8C37F3D35244}.Release|x86.ActiveCfg = Release|Any CPU
		{BA72CCE0-A9FB-4995-B496-7FEC5C87B85B}.Debug|Any CPU.ActiveCfg = Debug|Any CPU
		{BA72CCE0-A9FB-4995-B496-7FEC5C87B85B}.Debug|Any CPU.Build.0 = Debug|Any CPU
		{BA72CCE0-A9FB-4995-B496-7FEC5C87B85B}.Debug|Mixed Platforms.ActiveCfg = Debug|Any CPU
		{BA72CCE0-A9FB-4995-B496-7FEC5C87B85B}.Debug|Mixed Platforms.Build.0 = Debug|Any CPU
		{BA72CCE0-A9FB-4995-B496-7FEC5C87B85B}.Debug|x86.ActiveCfg = Debug|Any CPU
		{BA72CCE0-A9FB-4995-B496-7FEC5C87B85B}.Release|Any CPU.ActiveCfg = Release|Any CPU
		{BA72CCE0-A9FB-4995-B496-7FEC5C87B85B}.Release|Any CPU.Build.0 = Release|Any CPU
		{BA72CCE0-A9FB-4995-B496-7FEC5C87B85B}.Release|Mixed Platforms.ActiveCfg = Release|Any CPU
		{BA72CCE0-A9FB-4995-B496-7FEC5C87B85B}.Release|Mixed Platforms.Build.0 = Release|Any CPU
		{BA72CCE0-A9FB-4995-B496-7FEC5C87B85B}.Release|x86.ActiveCfg = Release|Any CPU
		{B3FC3E21-5F2D-4581-AEA2-59F671CFFC21}.Debug|Any CPU.ActiveCfg = Debug|Any CPU
		{B3FC3E21-5F2D-4581-AEA2-59F671CFFC21}.Debug|Any CPU.Build.0 = Debug|Any CPU
		{B3FC3E21-5F2D-4581-AEA2-59F671CFFC21}.Debug|Mixed Platforms.ActiveCfg = Debug|Any CPU
		{B3FC3E21-5F2D-4581-AEA2-59F671CFFC21}.Debug|Mixed Platforms.Build.0 = Debug|Any CPU
		{B3FC3E21-5F2D-4581-AEA2-59F671CFFC21}.Debug|x86.ActiveCfg = Debug|Any CPU
		{B3FC3E21-5F2D-4581-AEA2-59F671CFFC21}.Release|Any CPU.ActiveCfg = Release|Any CPU
		{B3FC3E21-5F2D-4581-AEA2-59F671CFFC21}.Release|Any CPU.Build.0 = Release|Any CPU
		{B3FC3E21-5F2D-4581-AEA2-59F671CFFC21}.Release|Mixed Platforms.ActiveCfg = Release|Any CPU
		{B3FC3E21-5F2D-4581-AEA2-59F671CFFC21}.Release|Mixed Platforms.Build.0 = Release|Any CPU
		{B3FC3E21-5F2D-4581-AEA2-59F671CFFC21}.Release|x86.ActiveCfg = Release|Any CPU
		{9C15ED4E-13A4-4E3C-B5F1-B20FDF347859}.Debug|Any CPU.ActiveCfg = Debug|Any CPU
		{9C15ED4E-13A4-4E3C-B5F1-B20FDF347859}.Debug|Any CPU.Build.0 = Debug|Any CPU
		{9C15ED4E-13A4-4E3C-B5F1-B20FDF347859}.Debug|Mixed Platforms.ActiveCfg = Debug|Any CPU
		{9C15ED4E-13A4-4E3C-B5F1-B20FDF347859}.Debug|Mixed Platforms.Build.0 = Debug|Any CPU
		{9C15ED4E-13A4-4E3C-B5F1-B20FDF347859}.Debug|x86.ActiveCfg = Debug|Any CPU
		{9C15ED4E-13A4-4E3C-B5F1-B20FDF347859}.Release|Any CPU.ActiveCfg = Release|Any CPU
		{9C15ED4E-13A4-4E3C-B5F1-B20FDF347859}.Release|Any CPU.Build.0 = Release|Any CPU
		{9C15ED4E-13A4-4E3C-B5F1-B20FDF347859}.Release|Mixed Platforms.ActiveCfg = Release|Any CPU
		{9C15ED4E-13A4-4E3C-B5F1-B20FDF347859}.Release|Mixed Platforms.Build.0 = Release|Any CPU
		{9C15ED4E-13A4-4E3C-B5F1-B20FDF347859}.Release|x86.ActiveCfg = Release|Any CPU
		{1B7355D1-D377-41C4-B43A-65F5920E07BC}.Debug|Any CPU.ActiveCfg = Debug|Any CPU
		{1B7355D1-D377-41C4-B43A-65F5920E07BC}.Debug|Any CPU.Build.0 = Debug|Any CPU
		{1B7355D1-D377-41C4-B43A-65F5920E07BC}.Debug|Mixed Platforms.ActiveCfg = Debug|Any CPU
		{1B7355D1-D377-41C4-B43A-65F5920E07BC}.Debug|Mixed Platforms.Build.0 = Debug|Any CPU
		{1B7355D1-D377-41C4-B43A-65F5920E07BC}.Debug|x86.ActiveCfg = Debug|Any CPU
		{1B7355D1-D377-41C4-B43A-65F5920E07BC}.Release|Any CPU.ActiveCfg = Release|Any CPU
		{1B7355D1-D377-41C4-B43A-65F5920E07BC}.Release|Any CPU.Build.0 = Release|Any CPU
		{1B7355D1-D377-41C4-B43A-65F5920E07BC}.Release|Mixed Platforms.ActiveCfg = Release|Any CPU
		{1B7355D1-D377-41C4-B43A-65F5920E07BC}.Release|Mixed Platforms.Build.0 = Release|Any CPU
		{1B7355D1-D377-41C4-B43A-65F5920E07BC}.Release|x86.ActiveCfg = Release|Any CPU
		{FD407E00-19E9-47B7-834C-70DD4F5F6A04}.Debug|Any CPU.ActiveCfg = Debug|Any CPU
		{FD407E00-19E9-47B7-834C-70DD4F5F6A04}.Debug|Any CPU.Build.0 = Debug|Any CPU
		{FD407E00-19E9-47B7-834C-70DD4F5F6A04}.Debug|Mixed Platforms.ActiveCfg = Debug|Any CPU
		{FD407E00-19E9-47B7-834C-70DD4F5F6A04}.Debug|Mixed Platforms.Build.0 = Debug|Any CPU
		{FD407E00-19E9-47B7-834C-70DD4F5F6A04}.Debug|x86.ActiveCfg = Debug|Any CPU
		{FD407E00-19E9-47B7-834C-70DD4F5F6A04}.Debug|x86.Build.0 = Debug|Any CPU
		{FD407E00-19E9-47B7-834C-70DD4F5F6A04}.Release|Any CPU.ActiveCfg = Release|Any CPU
		{FD407E00-19E9-47B7-834C-70DD4F5F6A04}.Release|Any CPU.Build.0 = Release|Any CPU
		{FD407E00-19E9-47B7-834C-70DD4F5F6A04}.Release|Mixed Platforms.ActiveCfg = Release|Any CPU
		{FD407E00-19E9-47B7-834C-70DD4F5F6A04}.Release|Mixed Platforms.Build.0 = Release|Any CPU
		{FD407E00-19E9-47B7-834C-70DD4F5F6A04}.Release|x86.ActiveCfg = Release|Any CPU
		{FD407E00-19E9-47B7-834C-70DD4F5F6A04}.Release|x86.Build.0 = Release|Any CPU
	EndGlobalSection
	GlobalSection(SolutionProperties) = preSolution
		HideSolutionNode = FALSE
	EndGlobalSection
	GlobalSection(NestedProjects) = preSolution
		{98C4732D-807E-474D-B8F9-C1163CF0A407} = {C18C38AA-51B4-45DF-8CB8-3E945BF0CE7F}
		{5BEEE674-64DE-429B-9F47-317110961FB4} = {3A87F70C-4B67-433F-803D-48D34FE54283}
		{7F37B318-67C3-45ED-9DA1-0B9AA8E4D330} = {3A87F70C-4B67-433F-803D-48D34FE54283}
		{3344663F-915C-4EFB-8131-24473984F0EC} = {3A87F70C-4B67-433F-803D-48D34FE54283}
		{19085032-1C99-485A-A5DD-7E2EC66BE52A} = {3A87F70C-4B67-433F-803D-48D34FE54283}
		{F54954D6-B948-4D24-A7D7-906264227D22} = {61DAD505-70FD-42D4-867E-ACDF51D0D83C}
		{C0835C7B-8C7A-46D2-B532-D6DD8EC6EA08} = {C7D66A92-3951-4567-92CB-BD4EDB2AD9BE}
		{94A92534-BFC0-4B09-9E0E-4C2A17E8C75F} = {C7D66A92-3951-4567-92CB-BD4EDB2AD9BE}
		{600DFB8A-A244-4B5C-ABEF-F14240A79E2C} = {C7D66A92-3951-4567-92CB-BD4EDB2AD9BE}
		{CC34FAA9-90DE-45A7-A260-5B3916F4EEFE} = {C7D66A92-3951-4567-92CB-BD4EDB2AD9BE}
		{9BD41476-81B4-405D-BFC7-7A74A3EE48F2} = {C7D66A92-3951-4567-92CB-BD4EDB2AD9BE}
		{A8E97429-D847-42D3-A6B9-E337E082A6BC} = {53DADABC-2E3A-43D5-834D-A6CA600227DC}
		{AFFB1B13-3873-477E-8D44-E8E30CAAFEC9} = {53DADABC-2E3A-43D5-834D-A6CA600227DC}
		{CF0A6FC9-1277-47CF-BED2-06169A77E453} = {53DADABC-2E3A-43D5-834D-A6CA600227DC}
		{90F18008-6F89-4461-A05E-27E5EFDDEBD1} = {53DADABC-2E3A-43D5-834D-A6CA600227DC}
		{D8448669-7196-4189-B8CF-4F482E6B261F} = {3A87F70C-4B67-433F-803D-48D34FE54283}
		{C8F15B86-B338-49EC-9456-3AD48F3F2C92} = {61DAD505-70FD-42D4-867E-ACDF51D0D83C}
		{F2DD13B5-4956-453E-A8FB-7C439F4FCE3D} = {61DAD505-70FD-42D4-867E-ACDF51D0D83C}
		{DB81988F-E0F2-45A0-A1FD-8C37F3D35244} = {F2DD13B5-4956-453E-A8FB-7C439F4FCE3D}
		{BA72CCE0-A9FB-4995-B496-7FEC5C87B85B} = {F2DD13B5-4956-453E-A8FB-7C439F4FCE3D}
		{B3FC3E21-5F2D-4581-AEA2-59F671CFFC21} = {F2DD13B5-4956-453E-A8FB-7C439F4FCE3D}
		{9C15ED4E-13A4-4E3C-B5F1-B20FDF347859} = {3A87F70C-4B67-433F-803D-48D34FE54283}
		{1B7355D1-D377-41C4-B43A-65F5920E07BC} = {3A87F70C-4B67-433F-803D-48D34FE54283}
		{FD407E00-19E9-47B7-834C-70DD4F5F6A04} = {3A87F70C-4B67-433F-803D-48D34FE54283}
	EndGlobalSection
	GlobalSection(ExtensibilityGlobals) = postSolution
		SolutionGuid = {21FCC940-E367-4DF7-A9A5-BF8D2A7F0EFE}
	EndGlobalSection
	GlobalSection(TestCaseManagementSettings) = postSolution
		CategoryFile = NSun_Shadow_V2.vsmdi
	EndGlobalSection
EndGlobal
